
Microsoft Visual Studio Solution File, Format Version 12.00
# Visual Studio 15
VisualStudioVersion = 15.0.28307.421
MinimumVisualStudioVersion = 10.0.40219.1
Project("{FAE04EC0-301F-11D3-BF4B-00C04F79EFBC}") = "AxisUser.Web", "AxisUser.Web\AxisUser.Web.csproj", "{DFBCB8B9-9634-42E2-AF5C-C1E4E0F11C76}"
EndProject
Project("{FAE04EC0-301F-11D3-BF4B-00C04F79EFBC}") = "AxisUser.Core", "AxisUser.Core\AxisUser.Core.csproj", "{429052D4-4AAA-45D1-AF2A-C28099BB621A}"
EndProject
Global
	GlobalSection(SolutionConfigurationPlatforms) = preSolution
		Debug|Any CPU = Debug|Any CPU
		Release|Any CPU = Release|Any CPU
	EndGlobalSection
	GlobalSection(ProjectConfigurationPlatforms) = postSolution
		{DFBCB8B9-9634-42E2-AF5C-C1E4E0F11C76}.Debug|Any CPU.ActiveCfg = Debug|Any CPU
		{DFBCB8B9-9634-42E2-AF5C-C1E4E0F11C76}.Debug|Any CPU.Build.0 = Debug|Any CPU
		{DFBCB8B9-9634-42E2-AF5C-C1E4E0F11C76}.Release|Any CPU.ActiveCfg = Release|Any CPU
		{DFBCB8B9-9634-42E2-AF5C-C1E4E0F11C76}.Release|Any CPU.Build.0 = Release|Any CPU
		{429052D4-4AAA-45D1-AF2A-C28099BB621A}.Debug|Any CPU.ActiveCfg = Debug|Any CPU
		{429052D4-4AAA-45D1-AF2A-C28099BB621A}.Debug|Any CPU.Build.0 = Debug|Any CPU
		{429052D4-4AAA-45D1-AF2A-C28099BB621A}.Release|Any CPU.ActiveCfg = Release|Any CPU
		{429052D4-4AAA-45D1-AF2A-C28099BB621A}.Release|Any CPU.Build.0 = Release|Any CPU
	EndGlobalSection
	GlobalSection(SolutionProperties) = preSolution
		HideSolutionNode = FALSE
	EndGlobalSection
	GlobalSection(ExtensibilityGlobals) = postSolution
		SolutionGuid = {536E55BB-13A0-4376-BAFF-61186BAF2995}
	EndGlobalSection
EndGlobal
